
Microsoft Visual Studio Solution File, Format Version 12.00
# Visual Studio Version 17
VisualStudioVersion = 17.3.32505.426
MinimumVisualStudioVersion = 10.0.40219.1
Project("{FAE04EC0-301F-11D3-BF4B-00C04F79EFBC}") = "PartsServer", "PartsServer.csproj", "{68A9F1E1-7363-4A0F-A793-591B41ECDCB8}"
EndProject
Global
	GlobalSection(SolutionConfigurationPlatforms) = preSolution
		Debug|Any CPU = Debug|Any CPU
		Release|Any CPU = Release|Any CPU
	EndGlobalSection
	GlobalSection(ProjectConfigurationPlatforms) = postSolution
		{68A9F1E1-7363-4A0F-A793-591B41ECDCB8}.Debug|Any CPU.ActiveCfg = Debug|Any CPU
		{68A9F1E1-7363-4A0F-A793-591B41ECDCB8}.Debug|Any CPU.Build.0 = Debug|Any CPU
		{68A9F1E1-7363-4A0F-A793-591B41ECDCB8}.Release|Any CPU.ActiveCfg = Release|Any CPU
		{68A9F1E1-7363-4A0F-A793-591B41ECDCB8}.Release|Any CPU.Build.0 = Release|Any CPU
	EndGlobalSection
	GlobalSection(SolutionProperties) = preSolution
		HideSolutionNode = FALSE
	EndGlobalSection
	GlobalSection(ExtensibilityGlobals) = postSolution
		SolutionGuid = {53874037-D0D1-44E5-B70F-CFC82040AED4}
	EndGlobalSection
EndGlobal
